
Microsoft Visual Studio Solution File, Format Version 12.00
# Visual Studio Version 16
VisualStudioVersion = 16.0.30204.135
MinimumVisualStudioVersion = 10.0.40219.1
Project("{FAE04EC0-301F-11D3-BF4B-00C04F79EFBC}") = "modulo2DBConectionAPI", "modulo2DBConectionAPI\modulo2DBConectionAPI.csproj", "{FF685172-408D-4184-9119-A0486E8DFB22}"
EndProject
Project("{FAE04EC0-301F-11D3-BF4B-00C04F79EFBC}") = "AccesoDatos", "AccesoDatos\AccesoDatos.csproj", "{8CAB951E-6847-4707-A5CD-504EAC2187D0}"
EndProject
Global
	GlobalSection(SolutionConfigurationPlatforms) = preSolution
		Debug|Any CPU = Debug|Any CPU
		Release|Any CPU = Release|Any CPU
	EndGlobalSection
	GlobalSection(ProjectConfigurationPlatforms) = postSolution
		{FF685172-408D-4184-9119-A0486E8DFB22}.Debug|Any CPU.ActiveCfg = Debug|Any CPU
		{FF685172-408D-4184-9119-A0486E8DFB22}.Debug|Any CPU.Build.0 = Debug|Any CPU
		{FF685172-408D-4184-9119-A0486E8DFB22}.Release|Any CPU.ActiveCfg = Release|Any CPU
		{FF685172-408D-4184-9119-A0486E8DFB22}.Release|Any CPU.Build.0 = Release|Any CPU
		{8CAB951E-6847-4707-A5CD-504EAC2187D0}.Debug|Any CPU.ActiveCfg = Debug|Any CPU
		{8CAB951E-6847-4707-A5CD-504EAC2187D0}.Debug|Any CPU.Build.0 = Debug|Any CPU
		{8CAB951E-6847-4707-A5CD-504EAC2187D0}.Release|Any CPU.ActiveCfg = Release|Any CPU
		{8CAB951E-6847-4707-A5CD-504EAC2187D0}.Release|Any CPU.Build.0 = Release|Any CPU
	EndGlobalSection
	GlobalSection(SolutionProperties) = preSolution
		HideSolutionNode = FALSE
	EndGlobalSection
	GlobalSection(ExtensibilityGlobals) = postSolution
		SolutionGuid = {89495475-0AA0-4037-9FC3-0100DE5E48D1}
	EndGlobalSection
EndGlobal
